{
  "name": "sdk-demo-app",
  "version": "1.0.0",
  "lockfileVersion": 3,
  "requires": true,
  "packages": {
    "": {
      "name": "sdk-demo-app",
      "version": "1.0.0",
      "dependencies": {
        "@reusable-withdraw/sdk": "file:../sdk"
      }
    },
    "../sdk": {
      "name": "@reusable-withdraw/sdk",
      "version": "1.0.0",
      "license": "MIT",
      "devDependencies": {
        "typescript": "^5.7.3"
      }
    },
    "node_modules/@reusable-withdraw/sdk": {
      "resolved": "../sdk",
      "link": true
    }
  }
}
